
Microsoft Visual Studio Solution File, Format Version 12.00
# Visual Studio Version 17
VisualStudioVersion = 17.8.34511.84
MinimumVisualStudioVersion = 10.0.40219.1
Project("{FAE04EC0-301F-11D3-BF4B-00C04F79EFBC}") = "SysCafeteria.EntidadDeNegocio", "SysCafeteria.EntidadDeNegocio\SysCafeteria.EntidadDeNegocio.csproj", "{C8C9CEF3-9CC4-4C28-8585-24E910FFDAD2}"
EndProject
Project("{FAE04EC0-301F-11D3-BF4B-00C04F79EFBC}") = "SysCafeteria.AccesoADatos", "SysCafeteria.AccesoADatos\SysCafeteria.AccesoADatos.csproj", "{96E097F0-A56C-47B0-9E88-E3C907D79A8C}"
EndProject
Project("{FAE04EC0-301F-11D3-BF4B-00C04F79EFBC}") = "SysCafeteria.LogicaDeNegocio", "SysCafeteria.LogicaDeNegocio\SysCafeteria.LogicaDeNegocio.csproj", "{27D9A667-E567-4E20-B899-C95FA16BC5BE}"
EndProject
Global
	GlobalSection(SolutionConfigurationPlatforms) = preSolution
		Debug|Any CPU = Debug|Any CPU
		Release|Any CPU = Release|Any CPU
	EndGlobalSection
	GlobalSection(ProjectConfigurationPlatforms) = postSolution
		{C8C9CEF3-9CC4-4C28-8585-24E910FFDAD2}.Debug|Any CPU.ActiveCfg = Debug|Any CPU
		{C8C9CEF3-9CC4-4C28-8585-24E910FFDAD2}.Debug|Any CPU.Build.0 = Debug|Any CPU
		{C8C9CEF3-9CC4-4C28-8585-24E910FFDAD2}.Release|Any CPU.ActiveCfg = Release|Any CPU
		{C8C9CEF3-9CC4-4C28-8585-24E910FFDAD2}.Release|Any CPU.Build.0 = Release|Any CPU
		{96E097F0-A56C-47B0-9E88-E3C907D79A8C}.Debug|Any CPU.ActiveCfg = Debug|Any CPU
		{96E097F0-A56C-47B0-9E88-E3C907D79A8C}.Debug|Any CPU.Build.0 = Debug|Any CPU
		{96E097F0-A56C-47B0-9E88-E3C907D79A8C}.Release|Any CPU.ActiveCfg = Release|Any CPU
		{96E097F0-A56C-47B0-9E88-E3C907D79A8C}.Release|Any CPU.Build.0 = Release|Any CPU
		{27D9A667-E567-4E20-B899-C95FA16BC5BE}.Debug|Any CPU.ActiveCfg = Debug|Any CPU
		{27D9A667-E567-4E20-B899-C95FA16BC5BE}.Debug|Any CPU.Build.0 = Debug|Any CPU
		{27D9A667-E567-4E20-B899-C95FA16BC5BE}.Release|Any CPU.ActiveCfg = Release|Any CPU
		{27D9A667-E567-4E20-B899-C95FA16BC5BE}.Release|Any CPU.Build.0 = Release|Any CPU
	EndGlobalSection
	GlobalSection(SolutionProperties) = preSolution
		HideSolutionNode = FALSE
	EndGlobalSection
	GlobalSection(ExtensibilityGlobals) = postSolution
		SolutionGuid = {EEF3983C-765B-4144-9FB0-1984DF53512D}
	EndGlobalSection
EndGlobal
